
Microsoft Visual Studio Solution File, Format Version 12.00
# Visual Studio Version 17
VisualStudioVersion = 17.13.35825.156 d17.13
MinimumVisualStudioVersion = 10.0.40219.1
Project("{FAE04EC0-301F-11D3-BF4B-00C04F79EFBC}") = "MediaModToolkit 1.5A", "MediaModToolkit 1.5A.csproj", "{F40AB86F-AE70-4AEF-ADEF-DBF70408BC98}"
EndProject
Global
	GlobalSection(SolutionConfigurationPlatforms) = preSolution
		Debug|Any CPU = Debug|Any CPU
		Release|Any CPU = Release|Any CPU
	EndGlobalSection
	GlobalSection(ProjectConfigurationPlatforms) = postSolution
		{F40AB86F-AE70-4AEF-ADEF-DBF70408BC98}.Debug|Any CPU.ActiveCfg = Debug|Any CPU
		{F40AB86F-AE70-4AEF-ADEF-DBF70408BC98}.Debug|Any CPU.Build.0 = Debug|Any CPU
		{F40AB86F-AE70-4AEF-ADEF-DBF70408BC98}.Release|Any CPU.ActiveCfg = Release|Any CPU
		{F40AB86F-AE70-4AEF-ADEF-DBF70408BC98}.Release|Any CPU.Build.0 = Release|Any CPU
	EndGlobalSection
	GlobalSection(SolutionProperties) = preSolution
		HideSolutionNode = FALSE
	EndGlobalSection
	GlobalSection(ExtensibilityGlobals) = postSolution
		SolutionGuid = {4CF22E2D-EBEE-45F8-8B80-B972789B8C0C}
	EndGlobalSection
EndGlobal
